
Microsoft Visual Studio Solution File, Format Version 12.00
# Visual Studio Version 17
VisualStudioVersion = 17.8.34330.188
MinimumVisualStudioVersion = 10.0.40219.1
Project("{FAE04EC0-301F-11D3-BF4B-00C04F79EFBC}") = "MiniAPI", "MiniAPI.csproj", "{1A8A4FC2-5B70-419A-BB96-8BE5B3071713}"
EndProject
Global
	GlobalSection(SolutionConfigurationPlatforms) = preSolution
		Debug|Any CPU = Debug|Any CPU
		Release|Any CPU = Release|Any CPU
	EndGlobalSection
	GlobalSection(ProjectConfigurationPlatforms) = postSolution
		{1A8A4FC2-5B70-419A-BB96-8BE5B3071713}.Debug|Any CPU.ActiveCfg = Debug|Any CPU
		{1A8A4FC2-5B70-419A-BB96-8BE5B3071713}.Debug|Any CPU.Build.0 = Debug|Any CPU
		{1A8A4FC2-5B70-419A-BB96-8BE5B3071713}.Release|Any CPU.ActiveCfg = Release|Any CPU
		{1A8A4FC2-5B70-419A-BB96-8BE5B3071713}.Release|Any CPU.Build.0 = Release|Any CPU
	EndGlobalSection
	GlobalSection(SolutionProperties) = preSolution
		HideSolutionNode = FALSE
	EndGlobalSection
	GlobalSection(ExtensibilityGlobals) = postSolution
		SolutionGuid = {967A56F7-68D8-4331-BE1F-A049C9CCC978}
	EndGlobalSection
EndGlobal
